
Microsoft Visual Studio Solution File, Format Version 12.00
# Visual Studio Version 17
VisualStudioVersion = 17.5.002.0
MinimumVisualStudioVersion = 10.0.40219.1
Project("{9A19103F-16F7-4668-BE54-9A1E7A4F7556}") = "EventManagementSystem", "EventManagementSystem\EventManagementSystem.csproj", "{94C3BB20-0433-4B64-A4F6-53C2EED3BB28}"
EndProject
Global
	GlobalSection(SolutionConfigurationPlatforms) = preSolution
		Debug|Any CPU = Debug|Any CPU
		Release|Any CPU = Release|Any CPU
	EndGlobalSection
	GlobalSection(ProjectConfigurationPlatforms) = postSolution
		{94C3BB20-0433-4B64-A4F6-53C2EED3BB28}.Debug|Any CPU.ActiveCfg = Debug|Any CPU
		{94C3BB20-0433-4B64-A4F6-53C2EED3BB28}.Debug|Any CPU.Build.0 = Debug|Any CPU
		{94C3BB20-0433-4B64-A4F6-53C2EED3BB28}.Release|Any CPU.ActiveCfg = Release|Any CPU
		{94C3BB20-0433-4B64-A4F6-53C2EED3BB28}.Release|Any CPU.Build.0 = Release|Any CPU
	EndGlobalSection
	GlobalSection(SolutionProperties) = preSolution
		HideSolutionNode = FALSE
	EndGlobalSection
	GlobalSection(ExtensibilityGlobals) = postSolution
		SolutionGuid = {59427DDD-053B-48AA-ABE4-9358BF340954}
	EndGlobalSection
EndGlobal
